
Microsoft Visual Studio Solution File, Format Version 12.00
# Visual Studio Version 17
VisualStudioVersion = 17.3.32825.248
MinimumVisualStudioVersion = 10.0.40219.1
Project("{FAE04EC0-301F-11D3-BF4B-00C04F79EFBC}") = "LektionInterface1", "LektionInterface1.csproj", "{3AF251FA-D777-4865-BCC3-7D7DCF9A9FCA}"
EndProject
Global
	GlobalSection(SolutionConfigurationPlatforms) = preSolution
		Debug|Any CPU = Debug|Any CPU
		Release|Any CPU = Release|Any CPU
	EndGlobalSection
	GlobalSection(ProjectConfigurationPlatforms) = postSolution
		{3AF251FA-D777-4865-BCC3-7D7DCF9A9FCA}.Debug|Any CPU.ActiveCfg = Debug|Any CPU
		{3AF251FA-D777-4865-BCC3-7D7DCF9A9FCA}.Debug|Any CPU.Build.0 = Debug|Any CPU
		{3AF251FA-D777-4865-BCC3-7D7DCF9A9FCA}.Release|Any CPU.ActiveCfg = Release|Any CPU
		{3AF251FA-D777-4865-BCC3-7D7DCF9A9FCA}.Release|Any CPU.Build.0 = Release|Any CPU
	EndGlobalSection
	GlobalSection(SolutionProperties) = preSolution
		HideSolutionNode = FALSE
	EndGlobalSection
	GlobalSection(ExtensibilityGlobals) = postSolution
		SolutionGuid = {F9DB1092-4EBA-4951-A4DA-143BDE660377}
	EndGlobalSection
EndGlobal
